
Microsoft Visual Studio Solution File, Format Version 12.00
# Visual Studio Version 17
VisualStudioVersion = 17.2.32630.192
MinimumVisualStudioVersion = 10.0.40219.1
Project("{8BC9CEB8-8B4A-11D0-8D11-00A0C91BC942}") = "AStarPractice", "AStarPractice.vcxproj", "{6182076D-BCEC-494B-B17E-E7C9D6208F10}"
EndProject
Global
	GlobalSection(SolutionConfigurationPlatforms) = preSolution
		Debug|x64 = Debug|x64
		Debug|x86 = Debug|x86
		Release|x64 = Release|x64
		Release|x86 = Release|x86
	EndGlobalSection
	GlobalSection(ProjectConfigurationPlatforms) = postSolution
		{6182076D-BCEC-494B-B17E-E7C9D6208F10}.Debug|x64.ActiveCfg = Debug|x64
		{6182076D-BCEC-494B-B17E-E7C9D6208F10}.Debug|x64.Build.0 = Debug|x64
		{6182076D-BCEC-494B-B17E-E7C9D6208F10}.Debug|x86.ActiveCfg = Debug|Win32
		{6182076D-BCEC-494B-B17E-E7C9D6208F10}.Debug|x86.Build.0 = Debug|Win32
		{6182076D-BCEC-494B-B17E-E7C9D6208F10}.Release|x64.ActiveCfg = Release|x64
		{6182076D-BCEC-494B-B17E-E7C9D6208F10}.Release|x64.Build.0 = Release|x64
		{6182076D-BCEC-494B-B17E-E7C9D6208F10}.Release|x86.ActiveCfg = Release|Win32
		{6182076D-BCEC-494B-B17E-E7C9D6208F10}.Release|x86.Build.0 = Release|Win32
	EndGlobalSection
	GlobalSection(SolutionProperties) = preSolution
		HideSolutionNode = FALSE
	EndGlobalSection
	GlobalSection(ExtensibilityGlobals) = postSolution
		SolutionGuid = {811C32B2-0715-475F-B31D-E27BA2FEB758}
	EndGlobalSection
EndGlobal
