
Microsoft Visual Studio Solution File, Format Version 12.00
# Visual Studio Version 17
VisualStudioVersion = 17.2.32630.192
MinimumVisualStudioVersion = 10.0.40219.1
Project("{8BC9CEB8-8B4A-11D0-8D11-00A0C91BC942}") = "Day1-SumAverageNumbers", "Day1-SumAverageNumbers\Day1-SumAverageNumbers.vcxproj", "{A51A2226-B7A9-4650-B470-093F66DD85D8}"
EndProject
Global
	GlobalSection(SolutionConfigurationPlatforms) = preSolution
		Debug|x64 = Debug|x64
		Debug|x86 = Debug|x86
		Release|x64 = Release|x64
		Release|x86 = Release|x86
	EndGlobalSection
	GlobalSection(ProjectConfigurationPlatforms) = postSolution
		{A51A2226-B7A9-4650-B470-093F66DD85D8}.Debug|x64.ActiveCfg = Debug|x64
		{A51A2226-B7A9-4650-B470-093F66DD85D8}.Debug|x64.Build.0 = Debug|x64
		{A51A2226-B7A9-4650-B470-093F66DD85D8}.Debug|x86.ActiveCfg = Debug|Win32
		{A51A2226-B7A9-4650-B470-093F66DD85D8}.Debug|x86.Build.0 = Debug|Win32
		{A51A2226-B7A9-4650-B470-093F66DD85D8}.Release|x64.ActiveCfg = Release|x64
		{A51A2226-B7A9-4650-B470-093F66DD85D8}.Release|x64.Build.0 = Release|x64
		{A51A2226-B7A9-4650-B470-093F66DD85D8}.Release|x86.ActiveCfg = Release|Win32
		{A51A2226-B7A9-4650-B470-093F66DD85D8}.Release|x86.Build.0 = Release|Win32
	EndGlobalSection
	GlobalSection(SolutionProperties) = preSolution
		HideSolutionNode = FALSE
	EndGlobalSection
	GlobalSection(ExtensibilityGlobals) = postSolution
		SolutionGuid = {6C312D6B-C793-4E57-964F-4DB8B3E695CC}
	EndGlobalSection
EndGlobal
